// !$*UTF8*$!
{
	archiveVersion = 1;
	classes = {
	};
	objectVersion = 46;
	objects = {

/* Begin PBXBuildFile section */
		03869E381C72CE7C002E489A /* AppDelegate.swift in Sources */ = {isa = PBXBuildFile; fileRef = 03869E371C72CE7C002E489A /* AppDelegate.swift */; };
		03869E3A1C72CE7C002E489A /* ViewController.swift in Sources */ = {isa = PBXBuildFile; fileRef = 03869E391C72CE7C002E489A /* ViewController.swift */; };
		03869E3D1C72CE7C002E489A /* Main.storyboard in Resources */ = {isa = PBXBuildFile; fileRef = 03869E3B1C72CE7C002E489A /* Main.storyboard */; };
		03869E3F1C72CE7C002E489A /* Assets.xcassets in Resources */ = {isa = PBXBuildFile; fileRef = 03869E3E1C72CE7C002E489A /* Assets.xcassets */; };
		03869E4A1C72D09E002E489A /* Cookies.swift in Sources */ = {isa = PBXBuildFile; fileRef = 03869E491C72D09E002E489A /* Cookies.swift */; };
		03869E4C1C72D953002E489A /* cookies.plist in Resources */ = {isa = PBXBuildFile; fileRef = 03869E4B1C72D953002E489A /* cookies.plist */; };
		03869E4E1C72DD24002E489A /* DetailViewController.swift in Sources */ = {isa = PBXBuildFile; fileRef = 03869E4D1C72DD24002E489A /* DetailViewController.swift */; };
		03869E501C72E722002E489A /* AddCookieViewController.swift in Sources */ = {isa = PBXBuildFile; fileRef = 03869E4F1C72E722002E489A /* AddCookieViewController.swift */; };
/* End PBXBuildFile section */

/* Begin PBXFileReference section */
		03869E341C72CE7C002E489A /* Kos_Lab_3.app */ = {isa = PBXFileReference; explicitFileType = wrapper.application; includeInIndex = 0; path = Kos_Lab_3.app; sourceTree = BUILT_PRODUCTS_DIR; };
		03869E371C72CE7C002E489A /* AppDelegate.swift */ = {isa = PBXFileReference; lastKnownFileType = sourcecode.swift; path = AppDelegate.swift; sourceTree = "<group>"; };
		03869E391C72CE7C002E489A /* ViewController.swift */ = {isa = PBXFileReference; lastKnownFileType = sourcecode.swift; path = ViewController.swift; sourceTree = "<group>"; };
		03869E3C1C72CE7C002E489A /* Base */ = {isa = PBXFileReference; lastKnownFileType = file.storyboard; name = Base; path = Base.lproj/Main.storyboard; sourceTree = "<group>"; };
		03869E3E1C72CE7C002E489A /* Assets.xcassets */ = {isa = PBXFileReference; lastKnownFileType = folder.assetcatalog; path = Assets.xcassets; sourceTree = "<group>"; };
		03869E431C72CE7C002E489A /* Info.plist */ = {isa = PBXFileReference; lastKnownFileType = text.plist.xml; path = Info.plist; sourceTree = "<group>"; };
		03869E491C72D09E002E489A /* Cookies.swift */ = {isa = PBXFileReference; fileEncoding = 4; lastKnownFileType = sourcecode.swift; path = Cookies.swift; sourceTree = "<group>"; };
		03869E4B1C72D953002E489A /* cookies.plist */ = {isa = PBXFileReference; fileEncoding = 4; lastKnownFileType = text.plist.xml; path = cookies.plist; sourceTree = "<group>"; };
		03869E4D1C72DD24002E489A /* DetailViewController.swift */ = {isa = PBXFileReference; fileEncoding = 4; lastKnownFileType = sourcecode.swift; path = DetailViewController.swift; sourceTree = "<group>"; };
		03869E4F1C72E722002E489A /* AddCookieViewController.swift */ = {isa = PBXFileReference; fileEncoding = 4; lastKnownFileType = sourcecode.swift; path = AddCookieViewController.swift; sourceTree = "<group>"; };
/* End PBXFileReference section */

/* Begin PBXFrameworksBuildPhase section */
		03869E311C72CE7C002E489A /* Frameworks */ = {
			isa = PBXFrameworksBuildPhase;
			buildActionMask = 2147483647;
			files = (
			);
			runOnlyForDeploymentPostprocessing = 0;
		};
/* End PBXFrameworksBuildPhase section */

/* Begin PBXGroup section */
		03869E2B1C72CE7C002E489A = {
			isa = PBXGroup;
			children = (
				03869E361C72CE7C002E489A /* Kos_Lab_3 */,
				03869E351C72CE7C002E489A /* Products */,
			);
			sourceTree = "<group>";
		};
		03869E351C72CE7C002E489A /* Products */ = {
			isa = PBXGroup;
			children = (
				03869E341C72CE7C002E489A /* Kos_Lab_3.app */,
			);
			name = Products;
			sourceTree = "<group>";
		};
		03869E361C72CE7C002E489A /* Kos_Lab_3 */ = {
			isa = PBXGroup;
			children = (
				03869E4B1C72D953002E489A /* cookies.plist */,
				03869E431C72CE7C002E489A /* Info.plist */,
				03869E4F1C72E722002E489A /* AddCookieViewController.swift */,
				03869E371C72CE7C002E489A /* AppDelegate.swift */,
				03869E491C72D09E002E489A /* Cookies.swift */,
				03869E4D1C72DD24002E489A /* DetailViewController.swift */,
				03869E391C72CE7C002E489A /* ViewController.swift */,
				03869E3E1C72CE7C002E489A /* Assets.xcassets */,
				03869E3B1C72CE7C002E489A /* Main.storyboard */,
			);
			path = Kos_Lab_3;
			sourceTree = "<group>";
		};
/* End PBXGroup section */

/* Begin PBXNativeTarget section */
		03869E331C72CE7C002E489A /* Kos_Lab_3 */ = {
			isa = PBXNativeTarget;
			buildConfigurationList = 03869E461C72CE7C002E489A /* Build configuration list for PBXNativeTarget "Kos_Lab_3" */;
			buildPhases = (
				03869E301C72CE7C002E489A /* Sources */,
				03869E311C72CE7C002E489A /* Frameworks */,
				03869E321C72CE7C002E489A /* Resources */,
			);
			buildRules = (
			);
			dependencies = (
			);
			name = Kos_Lab_3;
			productName = Kos_Lab_3;
			productReference = 03869E341C72CE7C002E489A /* Kos_Lab_3.app */;
			productType = "com.apple.product-type.application";
		};
/* End PBXNativeTarget section */

/* Begin PBXProject section */
		03869E2C1C72CE7C002E489A /* Project object */ = {
			isa = PBXProject;
			attributes = {
				LastSwiftUpdateCheck = 0720;
				LastUpgradeCheck = 0720;
				ORGANIZATIONNAME = "Kode Studios";
				TargetAttributes = {
					03869E331C72CE7C002E489A = {
						CreatedOnToolsVersion = 7.2;
					};
				};
			};
			buildConfigurationList = 03869E2F1C72CE7C002E489A /* Build configuration list for PBXProject "Kos_Lab_3" */;
			compatibilityVersion = "Xcode 3.2";
			developmentRegion = English;
			hasScannedForEncodings = 0;
			knownRegions = (
				en,
				Base,
			);
			mainGroup = 03869E2B1C72CE7C002E489A;
			productRefGroup = 03869E351C72CE7C002E489A /* Products */;
			projectDirPath = "";
			projectRoot = "";
			targets = (
				03869E331C72CE7C002E489A /* Kos_Lab_3 */,
			);
		};
/* End PBXProject section */

/* Begin PBXResourcesBuildPhase section */
		03869E321C72CE7C002E489A /* Resources */ = {
			isa = PBXResourcesBuildPhase;
			buildActionMask = 2147483647;
			files = (
				03869E3F1C72CE7C002E489A /* Assets.xcassets in Resources */,
				03869E3D1C72CE7C002E489A /* Main.storyboard in Resources */,
				03869E4C1C72D953002E489A /* cookies.plist in Resources */,
			);
			runOnlyForDeploymentPostprocessing = 0;
		};
/* End PBXResourcesBuildPhase section */

/* Begin PBXSourcesBuildPhase section */
		03869E301C72CE7C002E489A /* Sources */ = {
			isa = PBXSourcesBuildPhase;
			buildActionMask = 2147483647;
			files = (
				03869E3A1C72CE7C002E489A /* ViewController.swift in Sources */,
				03869E4A1C72D09E002E489A /* Cookies.swift in Sources */,
				03869E381C72CE7C002E489A /* AppDelegate.swift in Sources */,
				03869E501C72E722002E489A /* AddCookieViewController.swift in Sources */,
				03869E4E1C72DD24002E489A /* DetailViewController.swift in Sources */,
			);
			runOnlyForDeploymentPostprocessing = 0;
		};
/* End PBXSourcesBuildPhase section */

/* Begin PBXVariantGroup section */
		03869E3B1C72CE7C002E489A /* Main.storyboard */ = {
			isa = PBXVariantGroup;
			children = (
				03869E3C1C72CE7C002E489A /* Base */,
			);
			name = Main.storyboard;
			sourceTree = "<group>";
		};
/* End PBXVariantGroup section */

/* Begin XCBuildConfiguration section */
		03869E441C72CE7C002E489A /* Debug */ = {
			isa = XCBuildConfiguration;
			buildSettings = {
				ALWAYS_SEARCH_USER_PATHS = NO;
				CLANG_CXX_LANGUAGE_STANDARD = "gnu++0x";
				CLANG_CXX_LIBRARY = "libc++";
				CLANG_ENABLE_MODULES = YES;
				CLANG_ENABLE_OBJC_ARC = YES;
				CLANG_WARN_BOOL_CONVERSION = YES;
				CLANG_WARN_CONSTANT_CONVERSION = YES;
				CLANG_WARN_DIRECT_OBJC_ISA_USAGE = YES_ERROR;
				CLANG_WARN_EMPTY_BODY = YES;
				CLANG_WARN_ENUM_CONVERSION = YES;
				CLANG_WARN_INT_CONVERSION = YES;
				CLANG_WARN_OBJC_ROOT_CLASS = YES_ERROR;
				CLANG_WARN_UNREACHABLE_CODE = YES;
				CLANG_WARN__DUPLICATE_METHOD_MATCH = YES;
				"CODE_SIGN_IDENTITY[sdk=iphoneos*]" = "iPhone Developer";
				COPY_PHASE_STRIP = NO;
				DEBUG_INFORMATION_FORMAT = dwarf;
				ENABLE_STRICT_OBJC_MSGSEND = YES;
				ENABLE_TESTABILITY = YES;
				GCC_C_LANGUAGE_STANDARD = gnu99;
				GCC_DYNAMIC_NO_PIC = NO;
				GCC_NO_COMMON_BLOCKS = YES;
				GCC_OPTIMIZATION_LEVEL = 0;
				GCC_PREPROCESSOR_DEFINITIONS = (
					"DEBUG=1",
					"$(inherited)",
				);
				GCC_WARN_64_TO_32_BIT_CONVERSION = YES;
				GCC_WARN_ABOUT_RETURN_TYPE = YES_ERROR;
				GCC_WARN_UNDECLARED_SELECTOR = YES;
				GCC_WARN_UNINITIALIZED_AUTOS = YES_AGGRESSIVE;
				GCC_WARN_UNUSED_FUNCTION = YES;
				GCC_WARN_UNUSED_VARIABLE = YES;
				IPHONEOS_DEPLOYMENT_TARGET = 9.2;
				MTL_ENABLE_DEBUG_INFO = YES;
				ONLY_ACTIVE_ARCH = YES;
				SDKROOT = iphoneos;
				SWIFT_OPTIMIZATION_LEVEL = "-Onone";
				TARGETED_DEVICE_FAMILY = "1,2";
			};
			name = Debug;
		};
		03869E451C72CE7C002E489A /* Release */ = {
			isa = XCBuildConfiguration;
			buildSettings = {
				ALWAYS_SEARCH_USER_PATHS = NO;
				CLANG_CXX_LANGUAGE_STANDARD = "gnu++0x";
				CLANG_CXX_LIBRARY = "libc++";
				CLANG_ENABLE_MODULES = YES;
				CLANG_ENABLE_OBJC_ARC = YES;
				CLANG_WARN_BOOL_CONVERSION = YES;
				CLANG_WARN_CONSTANT_CONVERSION = YES;
				CLANG_WARN_DIRECT_OBJC_ISA_USAGE = YES_ERROR;
				CLANG_WARN_EMPTY_BODY = YES;
				CLANG_WARN_ENUM_CONVERSION = YES;
				CLANG_WARN_INT_CONVERSION = YES;
				CLANG_WARN_OBJC_ROOT_CLASS = YES_ERROR;
				CLANG_WARN_UNREACHABLE_CODE = YES;
				CLANG_WARN__DUPLICATE_METHOD_MATCH = YES;
				"CODE_SIGN_IDENTITY[sdk=iphoneos*]" = "iPhone Developer";
				COPY_PHASE_STRIP = NO;
				DEBUG_INFORMATION_FORMAT = "dwarf-with-dsym";
				ENABLE_NS_ASSERTIONS = NO;
				ENABLE_STRICT_OBJC_MSGSEND = YES;
				GCC_C_LANGUAGE_STANDARD = gnu99;
				GCC_NO_COMMON_BLOCKS = YES;
				GCC_WARN_64_TO_32_BIT_CONVERSION = YES;
				GCC_WARN_ABOUT_RETURN_TYPE = YES_ERROR;
				GCC_WARN_UNDECLARED_SELECTOR = YES;
				GCC_WARN_UNINITIALIZED_AUTOS = YES_AGGRESSIVE;
				GCC_WARN_UNUSED_FUNCTION = YES;
				GCC_WARN_UNUSED_VARIABLE = YES;
				IPHONEOS_DEPLOYMENT_TARGET = 9.2;
				MTL_ENABLE_DEBUG_INFO = NO;
				SDKROOT = iphoneos;
				TARGETED_DEVICE_FAMILY = "1,2";
				VALIDATE_PRODUCT = YES;
			};
			name = Release;
		};
		03869E471C72CE7C002E489A /* Debug */ = {
			isa = XCBuildConfiguration;
			buildSettings = {
				ASSETCATALOG_COMPILER_APPICON_NAME = AppIcon;
				INFOPLIST_FILE = Kos_Lab_3/Info.plist;
				LD_RUNPATH_SEARCH_PATHS = "$(inherited) @executable_path/Frameworks";
				PRODUCT_BUNDLE_IDENTIFIER = "KodeStudios.com.Kos-Lab-3";
				PRODUCT_NAME = "$(TARGET_NAME)";
			};
			name = Debug;
		};
		03869E481C72CE7C002E489A /* Release */ = {
			isa = XCBuildConfiguration;
			buildSettings = {
				ASSETCATALOG_COMPILER_APPICON_NAME = AppIcon;
				INFOPLIST_FILE = Kos_Lab_3/Info.plist;
				LD_RUNPATH_SEARCH_PATHS = "$(inherited) @executable_path/Frameworks";
				PRODUCT_BUNDLE_IDENTIFIER = "KodeStudios.com.Kos-Lab-3";
				PRODUCT_NAME = "$(TARGET_NAME)";
			};
			name = Release;
		};
/* End XCBuildConfiguration section */

/* Begin XCConfigurationList section */
		03869E2F1C72CE7C002E489A /* Build configuration list for PBXProject "Kos_Lab_3" */ = {
			isa = XCConfigurationList;
			buildConfigurations = (
				03869E441C72CE7C002E489A /* Debug */,
				03869E451C72CE7C002E489A /* Release */,
			);
			defaultConfigurationIsVisible = 0;
			defaultConfigurationName = Release;
		};
		03869E461C72CE7C002E489A /* Build configuration list for PBXNativeTarget "Kos_Lab_3" */ = {
			isa = XCConfigurationList;
			buildConfigurations = (
				03869E471C72CE7C002E489A /* Debug */,
				03869E481C72CE7C002E489A /* Release */,
			);
			defaultConfigurationIsVisible = 0;
		};
/* End XCConfigurationList section */
	};
	rootObject = 03869E2C1C72CE7C002E489A /* Project object */;
}
