// !$*UTF8*$!
{
	archiveVersion = 1;
	classes = {
	};
	objectVersion = 46;
	objects = {

/* Begin PBXBuildFile section */
		345A1348C1883F9762A987EE /* libPods-classwork_03_17.a in Frameworks */ = {isa = PBXBuildFile; fileRef = 352A37CE3CDEFA5E7610B88C /* libPods-classwork_03_17.a */; };
		BBC35E3E1C9B078500F42276 /* AppDelegate.swift in Sources */ = {isa = PBXBuildFile; fileRef = BBC35E3D1C9B078500F42276 /* AppDelegate.swift */; };
		BBC35E431C9B078500F42276 /* Main.storyboard in Resources */ = {isa = PBXBuildFile; fileRef = BBC35E411C9B078500F42276 /* Main.storyboard */; };
		BBC35E451C9B078600F42276 /* Assets.xcassets in Resources */ = {isa = PBXBuildFile; fileRef = BBC35E441C9B078600F42276 /* Assets.xcassets */; };
		BBC35E481C9B078600F42276 /* LaunchScreen.storyboard in Resources */ = {isa = PBXBuildFile; fileRef = BBC35E461C9B078600F42276 /* LaunchScreen.storyboard */; };
		BBC35E501C9B094B00F42276 /* RecipeListTableViewController.swift in Sources */ = {isa = PBXBuildFile; fileRef = BBC35E4F1C9B094B00F42276 /* RecipeListTableViewController.swift */; };
		BBC35E521C9B096B00F42276 /* AddRecipeViewController.swift in Sources */ = {isa = PBXBuildFile; fileRef = BBC35E511C9B096B00F42276 /* AddRecipeViewController.swift */; };
		BBC35E541C9B09A500F42276 /* RecipeIngredientsTableViewController.swift in Sources */ = {isa = PBXBuildFile; fileRef = BBC35E531C9B09A500F42276 /* RecipeIngredientsTableViewController.swift */; };
		BBC35E561C9B167100F42276 /* Recipe.swift in Sources */ = {isa = PBXBuildFile; fileRef = BBC35E551C9B167100F42276 /* Recipe.swift */; };
/* End PBXBuildFile section */

/* Begin PBXFileReference section */
		352A37CE3CDEFA5E7610B88C /* libPods-classwork_03_17.a */ = {isa = PBXFileReference; explicitFileType = archive.ar; includeInIndex = 0; path = "libPods-classwork_03_17.a"; sourceTree = BUILT_PRODUCTS_DIR; };
		597B6E761C3F8A08F093A046 /* Pods-classwork_03_17.release.xcconfig */ = {isa = PBXFileReference; includeInIndex = 1; lastKnownFileType = text.xcconfig; name = "Pods-classwork_03_17.release.xcconfig"; path = "Pods/Target Support Files/Pods-classwork_03_17/Pods-classwork_03_17.release.xcconfig"; sourceTree = "<group>"; };
		BBC35E3A1C9B078500F42276 /* classwork_03_17.app */ = {isa = PBXFileReference; explicitFileType = wrapper.application; includeInIndex = 0; path = classwork_03_17.app; sourceTree = BUILT_PRODUCTS_DIR; };
		BBC35E3D1C9B078500F42276 /* AppDelegate.swift */ = {isa = PBXFileReference; lastKnownFileType = sourcecode.swift; path = AppDelegate.swift; sourceTree = "<group>"; };
		BBC35E421C9B078500F42276 /* Base */ = {isa = PBXFileReference; lastKnownFileType = file.storyboard; name = Base; path = Base.lproj/Main.storyboard; sourceTree = "<group>"; };
		BBC35E441C9B078600F42276 /* Assets.xcassets */ = {isa = PBXFileReference; lastKnownFileType = folder.assetcatalog; path = Assets.xcassets; sourceTree = "<group>"; };
		BBC35E471C9B078600F42276 /* Base */ = {isa = PBXFileReference; lastKnownFileType = file.storyboard; name = Base; path = Base.lproj/LaunchScreen.storyboard; sourceTree = "<group>"; };
		BBC35E491C9B078600F42276 /* Info.plist */ = {isa = PBXFileReference; lastKnownFileType = text.plist.xml; path = Info.plist; sourceTree = "<group>"; };
		BBC35E4F1C9B094B00F42276 /* RecipeListTableViewController.swift */ = {isa = PBXFileReference; fileEncoding = 4; lastKnownFileType = sourcecode.swift; path = RecipeListTableViewController.swift; sourceTree = "<group>"; };
		BBC35E511C9B096B00F42276 /* AddRecipeViewController.swift */ = {isa = PBXFileReference; fileEncoding = 4; lastKnownFileType = sourcecode.swift; path = AddRecipeViewController.swift; sourceTree = "<group>"; };
		BBC35E531C9B09A500F42276 /* RecipeIngredientsTableViewController.swift */ = {isa = PBXFileReference; fileEncoding = 4; lastKnownFileType = sourcecode.swift; path = RecipeIngredientsTableViewController.swift; sourceTree = "<group>"; };
		BBC35E551C9B167100F42276 /* Recipe.swift */ = {isa = PBXFileReference; fileEncoding = 4; lastKnownFileType = sourcecode.swift; path = Recipe.swift; sourceTree = "<group>"; };
		C1F558BC4F3C617205C7B40C /* Pods-classwork_03_17.debug.xcconfig */ = {isa = PBXFileReference; includeInIndex = 1; lastKnownFileType = text.xcconfig; name = "Pods-classwork_03_17.debug.xcconfig"; path = "Pods/Target Support Files/Pods-classwork_03_17/Pods-classwork_03_17.debug.xcconfig"; sourceTree = "<group>"; };
/* End PBXFileReference section */

/* Begin PBXFrameworksBuildPhase section */
		BBC35E371C9B078500F42276 /* Frameworks */ = {
			isa = PBXFrameworksBuildPhase;
			buildActionMask = 2147483647;
			files = (
				345A1348C1883F9762A987EE /* libPods-classwork_03_17.a in Frameworks */,
			);
			runOnlyForDeploymentPostprocessing = 0;
		};
/* End PBXFrameworksBuildPhase section */

/* Begin PBXGroup section */
		70C4BA8D9A50399DB2103634 /* Pods */ = {
			isa = PBXGroup;
			children = (
				C1F558BC4F3C617205C7B40C /* Pods-classwork_03_17.debug.xcconfig */,
				597B6E761C3F8A08F093A046 /* Pods-classwork_03_17.release.xcconfig */,
			);
			name = Pods;
			sourceTree = "<group>";
		};
		BBC35E311C9B078500F42276 = {
			isa = PBXGroup;
			children = (
				BBC35E3C1C9B078500F42276 /* classwork_03_17 */,
				BBC35E3B1C9B078500F42276 /* Products */,
				70C4BA8D9A50399DB2103634 /* Pods */,
				DF1B67126578EC9C7A0E0CF9 /* Frameworks */,
			);
			sourceTree = "<group>";
		};
		BBC35E3B1C9B078500F42276 /* Products */ = {
			isa = PBXGroup;
			children = (
				BBC35E3A1C9B078500F42276 /* classwork_03_17.app */,
			);
			name = Products;
			sourceTree = "<group>";
		};
		BBC35E3C1C9B078500F42276 /* classwork_03_17 */ = {
			isa = PBXGroup;
			children = (
				BBC35E491C9B078600F42276 /* Info.plist */,
				BBC35E511C9B096B00F42276 /* AddRecipeViewController.swift */,
				BBC35E3D1C9B078500F42276 /* AppDelegate.swift */,
				BBC35E531C9B09A500F42276 /* RecipeIngredientsTableViewController.swift */,
				BBC35E4F1C9B094B00F42276 /* RecipeListTableViewController.swift */,
				BBC35E441C9B078600F42276 /* Assets.xcassets */,
				BBC35E461C9B078600F42276 /* LaunchScreen.storyboard */,
				BBC35E411C9B078500F42276 /* Main.storyboard */,
				BBC35E551C9B167100F42276 /* Recipe.swift */,
			);
			path = classwork_03_17;
			sourceTree = "<group>";
		};
		DF1B67126578EC9C7A0E0CF9 /* Frameworks */ = {
			isa = PBXGroup;
			children = (
				352A37CE3CDEFA5E7610B88C /* libPods-classwork_03_17.a */,
			);
			name = Frameworks;
			sourceTree = "<group>";
		};
/* End PBXGroup section */

/* Begin PBXNativeTarget section */
		BBC35E391C9B078500F42276 /* classwork_03_17 */ = {
			isa = PBXNativeTarget;
			buildConfigurationList = BBC35E4C1C9B078600F42276 /* Build configuration list for PBXNativeTarget "classwork_03_17" */;
			buildPhases = (
				C30099DEF64947B4C0B0A234 /* Check Pods Manifest.lock */,
				BBC35E361C9B078500F42276 /* Sources */,
				BBC35E371C9B078500F42276 /* Frameworks */,
				BBC35E381C9B078500F42276 /* Resources */,
				B1875A9284B0FBBB58650B90 /* Embed Pods Frameworks */,
				3CB184DB4013898B797D587D /* Copy Pods Resources */,
			);
			buildRules = (
			);
			dependencies = (
			);
			name = classwork_03_17;
			productName = classwork_03_17;
			productReference = BBC35E3A1C9B078500F42276 /* classwork_03_17.app */;
			productType = "com.apple.product-type.application";
		};
/* End PBXNativeTarget section */

/* Begin PBXProject section */
		BBC35E321C9B078500F42276 /* Project object */ = {
			isa = PBXProject;
			attributes = {
				LastSwiftUpdateCheck = 0720;
				LastUpgradeCheck = 0720;
				ORGANIZATIONNAME = "Brittany Kos";
				TargetAttributes = {
					BBC35E391C9B078500F42276 = {
						CreatedOnToolsVersion = 7.2;
					};
				};
			};
			buildConfigurationList = BBC35E351C9B078500F42276 /* Build configuration list for PBXProject "classwork_03_17" */;
			compatibilityVersion = "Xcode 3.2";
			developmentRegion = English;
			hasScannedForEncodings = 0;
			knownRegions = (
				en,
				Base,
			);
			mainGroup = BBC35E311C9B078500F42276;
			productRefGroup = BBC35E3B1C9B078500F42276 /* Products */;
			projectDirPath = "";
			projectRoot = "";
			targets = (
				BBC35E391C9B078500F42276 /* classwork_03_17 */,
			);
		};
/* End PBXProject section */

/* Begin PBXResourcesBuildPhase section */
		BBC35E381C9B078500F42276 /* Resources */ = {
			isa = PBXResourcesBuildPhase;
			buildActionMask = 2147483647;
			files = (
				BBC35E481C9B078600F42276 /* LaunchScreen.storyboard in Resources */,
				BBC35E451C9B078600F42276 /* Assets.xcassets in Resources */,
				BBC35E431C9B078500F42276 /* Main.storyboard in Resources */,
			);
			runOnlyForDeploymentPostprocessing = 0;
		};
/* End PBXResourcesBuildPhase section */

/* Begin PBXShellScriptBuildPhase section */
		3CB184DB4013898B797D587D /* Copy Pods Resources */ = {
			isa = PBXShellScriptBuildPhase;
			buildActionMask = 2147483647;
			files = (
			);
			inputPaths = (
			);
			name = "Copy Pods Resources";
			outputPaths = (
			);
			runOnlyForDeploymentPostprocessing = 0;
			shellPath = /bin/sh;
			shellScript = "\"${SRCROOT}/Pods/Target Support Files/Pods-classwork_03_17/Pods-classwork_03_17-resources.sh\"\n";
			showEnvVarsInLog = 0;
		};
		B1875A9284B0FBBB58650B90 /* Embed Pods Frameworks */ = {
			isa = PBXShellScriptBuildPhase;
			buildActionMask = 2147483647;
			files = (
			);
			inputPaths = (
			);
			name = "Embed Pods Frameworks";
			outputPaths = (
			);
			runOnlyForDeploymentPostprocessing = 0;
			shellPath = /bin/sh;
			shellScript = "\"${SRCROOT}/Pods/Target Support Files/Pods-classwork_03_17/Pods-classwork_03_17-frameworks.sh\"\n";
			showEnvVarsInLog = 0;
		};
		C30099DEF64947B4C0B0A234 /* Check Pods Manifest.lock */ = {
			isa = PBXShellScriptBuildPhase;
			buildActionMask = 2147483647;
			files = (
			);
			inputPaths = (
			);
			name = "Check Pods Manifest.lock";
			outputPaths = (
			);
			runOnlyForDeploymentPostprocessing = 0;
			shellPath = /bin/sh;
			shellScript = "diff \"${PODS_ROOT}/../Podfile.lock\" \"${PODS_ROOT}/Manifest.lock\" > /dev/null\nif [[ $? != 0 ]] ; then\n    cat << EOM\nerror: The sandbox is not in sync with the Podfile.lock. Run 'pod install' or update your CocoaPods installation.\nEOM\n    exit 1\nfi\n";
			showEnvVarsInLog = 0;
		};
/* End PBXShellScriptBuildPhase section */

/* Begin PBXSourcesBuildPhase section */
		BBC35E361C9B078500F42276 /* Sources */ = {
			isa = PBXSourcesBuildPhase;
			buildActionMask = 2147483647;
			files = (
				BBC35E541C9B09A500F42276 /* RecipeIngredientsTableViewController.swift in Sources */,
				BBC35E521C9B096B00F42276 /* AddRecipeViewController.swift in Sources */,
				BBC35E3E1C9B078500F42276 /* AppDelegate.swift in Sources */,
				BBC35E501C9B094B00F42276 /* RecipeListTableViewController.swift in Sources */,
				BBC35E561C9B167100F42276 /* Recipe.swift in Sources */,
			);
			runOnlyForDeploymentPostprocessing = 0;
		};
/* End PBXSourcesBuildPhase section */

/* Begin PBXVariantGroup section */
		BBC35E411C9B078500F42276 /* Main.storyboard */ = {
			isa = PBXVariantGroup;
			children = (
				BBC35E421C9B078500F42276 /* Base */,
			);
			name = Main.storyboard;
			sourceTree = "<group>";
		};
		BBC35E461C9B078600F42276 /* LaunchScreen.storyboard */ = {
			isa = PBXVariantGroup;
			children = (
				BBC35E471C9B078600F42276 /* Base */,
			);
			name = LaunchScreen.storyboard;
			sourceTree = "<group>";
		};
/* End PBXVariantGroup section */

/* Begin XCBuildConfiguration section */
		BBC35E4A1C9B078600F42276 /* Debug */ = {
			isa = XCBuildConfiguration;
			buildSettings = {
				ALWAYS_SEARCH_USER_PATHS = NO;
				CLANG_CXX_LANGUAGE_STANDARD = "gnu++0x";
				CLANG_CXX_LIBRARY = "libc++";
				CLANG_ENABLE_MODULES = YES;
				CLANG_ENABLE_OBJC_ARC = YES;
				CLANG_WARN_BOOL_CONVERSION = YES;
				CLANG_WARN_CONSTANT_CONVERSION = YES;
				CLANG_WARN_DIRECT_OBJC_ISA_USAGE = YES_ERROR;
				CLANG_WARN_EMPTY_BODY = YES;
				CLANG_WARN_ENUM_CONVERSION = YES;
				CLANG_WARN_INT_CONVERSION = YES;
				CLANG_WARN_OBJC_ROOT_CLASS = YES_ERROR;
				CLANG_WARN_UNREACHABLE_CODE = YES;
				CLANG_WARN__DUPLICATE_METHOD_MATCH = YES;
				"CODE_SIGN_IDENTITY[sdk=iphoneos*]" = "iPhone Developer";
				COPY_PHASE_STRIP = NO;
				DEBUG_INFORMATION_FORMAT = dwarf;
				ENABLE_STRICT_OBJC_MSGSEND = YES;
				ENABLE_TESTABILITY = YES;
				GCC_C_LANGUAGE_STANDARD = gnu99;
				GCC_DYNAMIC_NO_PIC = NO;
				GCC_NO_COMMON_BLOCKS = YES;
				GCC_OPTIMIZATION_LEVEL = 0;
				GCC_PREPROCESSOR_DEFINITIONS = (
					"DEBUG=1",
					"$(inherited)",
				);
				GCC_WARN_64_TO_32_BIT_CONVERSION = YES;
				GCC_WARN_ABOUT_RETURN_TYPE = YES_ERROR;
				GCC_WARN_UNDECLARED_SELECTOR = YES;
				GCC_WARN_UNINITIALIZED_AUTOS = YES_AGGRESSIVE;
				GCC_WARN_UNUSED_FUNCTION = YES;
				GCC_WARN_UNUSED_VARIABLE = YES;
				IPHONEOS_DEPLOYMENT_TARGET = 9.2;
				MTL_ENABLE_DEBUG_INFO = YES;
				ONLY_ACTIVE_ARCH = YES;
				SDKROOT = iphoneos;
				SWIFT_OPTIMIZATION_LEVEL = "-Onone";
				TARGETED_DEVICE_FAMILY = "1,2";
			};
			name = Debug;
		};
		BBC35E4B1C9B078600F42276 /* Release */ = {
			isa = XCBuildConfiguration;
			buildSettings = {
				ALWAYS_SEARCH_USER_PATHS = NO;
				CLANG_CXX_LANGUAGE_STANDARD = "gnu++0x";
				CLANG_CXX_LIBRARY = "libc++";
				CLANG_ENABLE_MODULES = YES;
				CLANG_ENABLE_OBJC_ARC = YES;
				CLANG_WARN_BOOL_CONVERSION = YES;
				CLANG_WARN_CONSTANT_CONVERSION = YES;
				CLANG_WARN_DIRECT_OBJC_ISA_USAGE = YES_ERROR;
				CLANG_WARN_EMPTY_BODY = YES;
				CLANG_WARN_ENUM_CONVERSION = YES;
				CLANG_WARN_INT_CONVERSION = YES;
				CLANG_WARN_OBJC_ROOT_CLASS = YES_ERROR;
				CLANG_WARN_UNREACHABLE_CODE = YES;
				CLANG_WARN__DUPLICATE_METHOD_MATCH = YES;
				"CODE_SIGN_IDENTITY[sdk=iphoneos*]" = "iPhone Developer";
				COPY_PHASE_STRIP = NO;
				DEBUG_INFORMATION_FORMAT = "dwarf-with-dsym";
				ENABLE_NS_ASSERTIONS = NO;
				ENABLE_STRICT_OBJC_MSGSEND = YES;
				GCC_C_LANGUAGE_STANDARD = gnu99;
				GCC_NO_COMMON_BLOCKS = YES;
				GCC_WARN_64_TO_32_BIT_CONVERSION = YES;
				GCC_WARN_ABOUT_RETURN_TYPE = YES_ERROR;
				GCC_WARN_UNDECLARED_SELECTOR = YES;
				GCC_WARN_UNINITIALIZED_AUTOS = YES_AGGRESSIVE;
				GCC_WARN_UNUSED_FUNCTION = YES;
				GCC_WARN_UNUSED_VARIABLE = YES;
				IPHONEOS_DEPLOYMENT_TARGET = 9.2;
				MTL_ENABLE_DEBUG_INFO = NO;
				SDKROOT = iphoneos;
				TARGETED_DEVICE_FAMILY = "1,2";
				VALIDATE_PRODUCT = YES;
			};
			name = Release;
		};
		BBC35E4D1C9B078600F42276 /* Debug */ = {
			isa = XCBuildConfiguration;
			baseConfigurationReference = C1F558BC4F3C617205C7B40C /* Pods-classwork_03_17.debug.xcconfig */;
			buildSettings = {
				ASSETCATALOG_COMPILER_APPICON_NAME = AppIcon;
				INFOPLIST_FILE = classwork_03_17/Info.plist;
				LD_RUNPATH_SEARCH_PATHS = "$(inherited) @executable_path/Frameworks";
				PRODUCT_BUNDLE_IDENTIFIER = "kosba.classwork-03-17";
				PRODUCT_NAME = "$(TARGET_NAME)";
			};
			name = Debug;
		};
		BBC35E4E1C9B078600F42276 /* Release */ = {
			isa = XCBuildConfiguration;
			baseConfigurationReference = 597B6E761C3F8A08F093A046 /* Pods-classwork_03_17.release.xcconfig */;
			buildSettings = {
				ASSETCATALOG_COMPILER_APPICON_NAME = AppIcon;
				INFOPLIST_FILE = classwork_03_17/Info.plist;
				LD_RUNPATH_SEARCH_PATHS = "$(inherited) @executable_path/Frameworks";
				PRODUCT_BUNDLE_IDENTIFIER = "kosba.classwork-03-17";
				PRODUCT_NAME = "$(TARGET_NAME)";
			};
			name = Release;
		};
/* End XCBuildConfiguration section */

/* Begin XCConfigurationList section */
		BBC35E351C9B078500F42276 /* Build configuration list for PBXProject "classwork_03_17" */ = {
			isa = XCConfigurationList;
			buildConfigurations = (
				BBC35E4A1C9B078600F42276 /* Debug */,
				BBC35E4B1C9B078600F42276 /* Release */,
			);
			defaultConfigurationIsVisible = 0;
			defaultConfigurationName = Release;
		};
		BBC35E4C1C9B078600F42276 /* Build configuration list for PBXNativeTarget "classwork_03_17" */ = {
			isa = XCConfigurationList;
			buildConfigurations = (
				BBC35E4D1C9B078600F42276 /* Debug */,
				BBC35E4E1C9B078600F42276 /* Release */,
			);
			defaultConfigurationIsVisible = 0;
			defaultConfigurationName = Release;
		};
/* End XCConfigurationList section */
	};
	rootObject = BBC35E321C9B078500F42276 /* Project object */;
}
